Microsoft Visual Studio Solution File, Format Version 12.00
# Visual Studio Version 17
VisualStudioVersion = 17.5.2.0
MinimumVisualStudioVersion = 10.0.40219.1
Project("{FAE04EC0-301F-11D3-BF4B-00C04F79EFBC}") = "Api-Gobernanza-Digital", "Api-Gobernanza-Digital.csproj", "{275A6944-F7B5-1EEB-961B-02C7A02EA877}"
EndProject
Global
	GlobalSection(SolutionConfigurationPlatforms) = preSolution
		Debug|Any CPU = Debug|Any CPU
		Release|Any CPU = Release|Any CPU
	EndGlobalSection
	GlobalSection(ProjectConfigurationPlatforms) = postSolution
		{275A6944-F7B5-1EEB-961B-02C7A02EA877}.Debug|Any CPU.ActiveCfg = Debug|Any CPU
		{275A6944-F7B5-1EEB-961B-02C7A02EA877}.Debug|Any CPU.Build.0 = Debug|Any CPU
		{275A6944-F7B5-1EEB-961B-02C7A02EA877}.Release|Any CPU.ActiveCfg = Release|Any CPU
		{275A6944-F7B5-1EEB-961B-02C7A02EA877}.Release|Any CPU.Build.0 = Release|Any CPU
	EndGlobalSection
	GlobalSection(SolutionProperties) = preSolution
		HideSolutionNode = FALSE
	EndGlobalSection
	GlobalSection(ExtensibilityGlobals) = postSolution
		SolutionGuid = {5214775E-7FF5-4402-844B-ED341B756F1D}
	EndGlobalSection
EndGlobal
